
Microsoft Visual Studio Solution File, Format Version 12.00
# Visual Studio Version 17
VisualStudioVersion = 17.0.32112.339
MinimumVisualStudioVersion = 10.0.40219.1
Project("{FAE04EC0-301F-11D3-BF4B-00C04F79EFBC}") = "Szakdolgozat01", "Szakdolgozat01\Szakdolgozat01.csproj", "{234108ED-91D3-4428-AB44-B250A974CBEC}"
EndProject
Global
	GlobalSection(SolutionConfigurationPlatforms) = preSolution
		Debug|Any CPU = Debug|Any CPU
		Release|Any CPU = Release|Any CPU
	EndGlobalSection
	GlobalSection(ProjectConfigurationPlatforms) = postSolution
		{234108ED-91D3-4428-AB44-B250A974CBEC}.Debug|Any CPU.ActiveCfg = Debug|Any CPU
		{234108ED-91D3-4428-AB44-B250A974CBEC}.Debug|Any CPU.Build.0 = Debug|Any CPU
		{234108ED-91D3-4428-AB44-B250A974CBEC}.Release|Any CPU.ActiveCfg = Release|Any CPU
		{234108ED-91D3-4428-AB44-B250A974CBEC}.Release|Any CPU.Build.0 = Release|Any CPU
	EndGlobalSection
	GlobalSection(SolutionProperties) = preSolution
		HideSolutionNode = FALSE
	EndGlobalSection
	GlobalSection(ExtensibilityGlobals) = postSolution
		SolutionGuid = {86ABBDE4-93EC-4869-9332-3B087FDBB9FB}
	EndGlobalSection
EndGlobal
